
Microsoft Visual Studio Solution File, Format Version 12.00
# Visual Studio 15
VisualStudioVersion = 15.0.26730.12
MinimumVisualStudioVersion = 10.0.40219.1
Project("{FAE04EC0-301F-11D3-BF4B-00C04F79EFBC}") = "Lab01", "Lab01\Lab01.csproj", "{F21C3D69-D531-4E9A-80A2-7F78BCF8B4C9}"
EndProject
Global
	GlobalSection(SolutionConfigurationPlatforms) = preSolution
		Debug|Any CPU = Debug|Any CPU
		Release|Any CPU = Release|Any CPU
	EndGlobalSection
	GlobalSection(ProjectConfigurationPlatforms) = postSolution
		{F21C3D69-D531-4E9A-80A2-7F78BCF8B4C9}.Debug|Any CPU.ActiveCfg = Debug|Any CPU
		{F21C3D69-D531-4E9A-80A2-7F78BCF8B4C9}.Debug|Any CPU.Build.0 = Debug|Any CPU
		{F21C3D69-D531-4E9A-80A2-7F78BCF8B4C9}.Release|Any CPU.ActiveCfg = Release|Any CPU
		{F21C3D69-D531-4E9A-80A2-7F78BCF8B4C9}.Release|Any CPU.Build.0 = Release|Any CPU
	EndGlobalSection
	GlobalSection(SolutionProperties) = preSolution
		HideSolutionNode = FALSE
	EndGlobalSection
	GlobalSection(ExtensibilityGlobals) = postSolution
		SolutionGuid = {2FB7D056-561E-44A5-B1BD-A5FDDED70E5B}
	EndGlobalSection
EndGlobal
